
Microsoft Visual Studio Solution File, Format Version 12.00
# Visual Studio Version 17
VisualStudioVersion = 17.0.31903.59
MinimumVisualStudioVersion = 10.0.40219.1
Project("{FAE04EC0-301F-11D3-BF4B-00C04F79EFBC}") = "MiniGame", "MiniGame\MiniGame.csproj", "{FC90695F-4CD3-4380-83C6-97FCF08C9A28}"
EndProject
Project("{FAE04EC0-301F-11D3-BF4B-00C04F79EFBC}") = "GameUnits", "GameUnits\GameUnits.csproj", "{8FD0461B-4628-49FA-BEA4-55B7BAD1C624}"
EndProject
Project("{FAE04EC0-301F-11D3-BF4B-00C04F79EFBC}") = "ClassVsStruct", "ClassVsStruct\ClassVsStruct.csproj", "{290D63C1-44C5-4AFF-A91F-1924E59A5E44}"
EndProject
Project("{FAE04EC0-301F-11D3-BF4B-00C04F79EFBC}") = "StructWithRef", "StructWithRef\StructWithRef.csproj", "{A36A91E7-65FD-4A26-B00E-596EA570C0E8}"
EndProject
Global
	GlobalSection(SolutionConfigurationPlatforms) = preSolution
		Debug|Any CPU = Debug|Any CPU
		Release|Any CPU = Release|Any CPU
	EndGlobalSection
	GlobalSection(SolutionProperties) = preSolution
		HideSolutionNode = FALSE
	EndGlobalSection
	GlobalSection(ProjectConfigurationPlatforms) = postSolution
		{FC90695F-4CD3-4380-83C6-97FCF08C9A28}.Debug|Any CPU.ActiveCfg = Debug|Any CPU
		{FC90695F-4CD3-4380-83C6-97FCF08C9A28}.Debug|Any CPU.Build.0 = Debug|Any CPU
		{FC90695F-4CD3-4380-83C6-97FCF08C9A28}.Release|Any CPU.ActiveCfg = Release|Any CPU
		{FC90695F-4CD3-4380-83C6-97FCF08C9A28}.Release|Any CPU.Build.0 = Release|Any CPU
		{8FD0461B-4628-49FA-BEA4-55B7BAD1C624}.Debug|Any CPU.ActiveCfg = Debug|Any CPU
		{8FD0461B-4628-49FA-BEA4-55B7BAD1C624}.Debug|Any CPU.Build.0 = Debug|Any CPU
		{8FD0461B-4628-49FA-BEA4-55B7BAD1C624}.Release|Any CPU.ActiveCfg = Release|Any CPU
		{8FD0461B-4628-49FA-BEA4-55B7BAD1C624}.Release|Any CPU.Build.0 = Release|Any CPU
		{290D63C1-44C5-4AFF-A91F-1924E59A5E44}.Debug|Any CPU.ActiveCfg = Debug|Any CPU
		{290D63C1-44C5-4AFF-A91F-1924E59A5E44}.Debug|Any CPU.Build.0 = Debug|Any CPU
		{290D63C1-44C5-4AFF-A91F-1924E59A5E44}.Release|Any CPU.ActiveCfg = Release|Any CPU
		{290D63C1-44C5-4AFF-A91F-1924E59A5E44}.Release|Any CPU.Build.0 = Release|Any CPU
		{A36A91E7-65FD-4A26-B00E-596EA570C0E8}.Debug|Any CPU.ActiveCfg = Debug|Any CPU
		{A36A91E7-65FD-4A26-B00E-596EA570C0E8}.Debug|Any CPU.Build.0 = Debug|Any CPU
		{A36A91E7-65FD-4A26-B00E-596EA570C0E8}.Release|Any CPU.ActiveCfg = Release|Any CPU
		{A36A91E7-65FD-4A26-B00E-596EA570C0E8}.Release|Any CPU.Build.0 = Release|Any CPU
	EndGlobalSection
EndGlobal
